
Microsoft Visual Studio Solution File, Format Version 12.00
# Visual Studio Version 16
VisualStudioVersion = 16.0.30413.136
MinimumVisualStudioVersion = 10.0.40219.1
Project("{FAE04EC0-301F-11D3-BF4B-00C04F79EFBC}") = "Metody04-08GitHub", "Metody04-08GitHub\Metody04-08GitHub.csproj", "{93E0C60F-5D15-47A3-A2CC-E640F1C754B6}"
EndProject
Global
	GlobalSection(SolutionConfigurationPlatforms) = preSolution
		Debug|Any CPU = Debug|Any CPU
		Release|Any CPU = Release|Any CPU
	EndGlobalSection
	GlobalSection(ProjectConfigurationPlatforms) = postSolution
		{93E0C60F-5D15-47A3-A2CC-E640F1C754B6}.Debug|Any CPU.ActiveCfg = Debug|Any CPU
		{93E0C60F-5D15-47A3-A2CC-E640F1C754B6}.Debug|Any CPU.Build.0 = Debug|Any CPU
		{93E0C60F-5D15-47A3-A2CC-E640F1C754B6}.Release|Any CPU.ActiveCfg = Release|Any CPU
		{93E0C60F-5D15-47A3-A2CC-E640F1C754B6}.Release|Any CPU.Build.0 = Release|Any CPU
	EndGlobalSection
	GlobalSection(SolutionProperties) = preSolution
		HideSolutionNode = FALSE
	EndGlobalSection
	GlobalSection(ExtensibilityGlobals) = postSolution
		SolutionGuid = {ADB16685-64A9-4332-9450-E640C8696B82}
	EndGlobalSection
EndGlobal
